{
  "name": "NenoSlackAngular",
  "version": "1.0.0",
  "lockfileVersion": 1,
  "requires": true,
  "dependencies": {
    "@aspnet/signalr": {
      "version": "1.0.0",
      "resolved": "https://registry.npmjs.org/@aspnet/signalr/-/signalr-1.0.0.tgz",
      "integrity": "sha512-7fXNdSTnp2y7a3i7BnvBpQpDEoG71DNq1J/Caowr+3v/nzGivnJApRg40VgBp6FlyeJqoBEQO/QuDPE0kTpczg=="
    },
    "tslib": {
      "version": "1.9.3",
      "resolved": "https://registry.npmjs.org/tslib/-/tslib-1.9.3.tgz",
      "integrity": "sha512-4krF8scpejhaOgqzBEcGM7yDIEfi0/8+8zDRZhNZZ2kjmHJ4hv3zCbQWxoJGz1iw5U0Jl0nma13xzHXcncMavQ=="
    }
  }
}
